
Microsoft Visual Studio Solution File, Format Version 12.00
# Visual Studio 15
VisualStudioVersion = 15.0.28307.168
MinimumVisualStudioVersion = 10.0.40219.1
Project("{FAE04EC0-301F-11D3-BF4B-00C04F79EFBC}") = "Samples.InMemoryDatabase.SalesReport.App", "Samples.InMemoryDatabase.SalesReport.App\Samples.InMemoryDatabase.SalesReport.App.csproj", "{343FC3EB-F7B4-49E0-B5B5-90A3B020B475}"
EndProject
Global
	GlobalSection(SolutionConfigurationPlatforms) = preSolution
		Debug|Any CPU = Debug|Any CPU
		Release|Any CPU = Release|Any CPU
	EndGlobalSection
	GlobalSection(ProjectConfigurationPlatforms) = postSolution
		{343FC3EB-F7B4-49E0-B5B5-90A3B020B475}.Debug|Any CPU.ActiveCfg = Debug|Any CPU
		{343FC3EB-F7B4-49E0-B5B5-90A3B020B475}.Debug|Any CPU.Build.0 = Debug|Any CPU
		{343FC3EB-F7B4-49E0-B5B5-90A3B020B475}.Release|Any CPU.ActiveCfg = Release|Any CPU
		{343FC3EB-F7B4-49E0-B5B5-90A3B020B475}.Release|Any CPU.Build.0 = Release|Any CPU
	EndGlobalSection
	GlobalSection(SolutionProperties) = preSolution
		HideSolutionNode = FALSE
	EndGlobalSection
	GlobalSection(ExtensibilityGlobals) = postSolution
		SolutionGuid = {6FDEB5AF-9C8B-457D-98D8-FAA36FFC3E99}
	EndGlobalSection
EndGlobal
